// !$*UTF8*$!
{
	archiveVersion = 1;
	classes = {
	};
	objectVersion = 50;
	objects = {

/* Begin PBXBuildFile section */
		5896957969703F69AC60AF55 /* Pods_SearchMobileApp.framework in Frameworks */ = {isa = PBXBuildFile; fileRef = 25A184E644EEC680146D5EEC /* Pods_SearchMobileApp.framework */; };
		CD0ACA8B21A3161F004DE364 /* Models.swift in Sources */ = {isa = PBXBuildFile; fileRef = CD0ACA8A21A3161F004DE364 /* Models.swift */; };
		CD8C9A20219C373B00509112 /* AppDelegate.swift in Sources */ = {isa = PBXBuildFile; fileRef = CD8C9A1F219C373B00509112 /* AppDelegate.swift */; };
		CD8C9A22219C373B00509112 /* TableViewController.swift in Sources */ = {isa = PBXBuildFile; fileRef = CD8C9A21219C373B00509112 /* TableViewController.swift */; };
		CD8C9A25219C373B00509112 /* Main.storyboard in Resources */ = {isa = PBXBuildFile; fileRef = CD8C9A23219C373B00509112 /* Main.storyboard */; };
		CD8C9A28219C373B00509112 /* SearchMobileApp.xcdatamodeld in Sources */ = {isa = PBXBuildFile; fileRef = CD8C9A26219C373B00509112 /* SearchMobileApp.xcdatamodeld */; };
		CD8C9A2A219C373D00509112 /* Assets.xcassets in Resources */ = {isa = PBXBuildFile; fileRef = CD8C9A29219C373D00509112 /* Assets.xcassets */; };
		CD8C9A2D219C373D00509112 /* LaunchScreen.storyboard in Resources */ = {isa = PBXBuildFile; fileRef = CD8C9A2B219C373D00509112 /* LaunchScreen.storyboard */; };
		CD8C9A56219DBB3F00509112 /* ArtistView.swift in Sources */ = {isa = PBXBuildFile; fileRef = CD8C9A55219DBB3F00509112 /* ArtistView.swift */; };
/* End PBXBuildFile section */

/* Begin PBXFileReference section */
		25A184E644EEC680146D5EEC /* Pods_SearchMobileApp.framework */ = {isa = PBXFileReference; explicitFileType = wrapper.framework; includeInIndex = 0; path = Pods_SearchMobileApp.framework; sourceTree = BUILT_PRODUCTS_DIR; };
		97351ADC6D489C7B893C8D9F /* Pods-SearchMobileApp.debug.xcconfig */ = {isa = PBXFileReference; includeInIndex = 1; lastKnownFileType = text.xcconfig; name = "Pods-SearchMobileApp.debug.xcconfig"; path = "Pods/Target Support Files/Pods-SearchMobileApp/Pods-SearchMobileApp.debug.xcconfig"; sourceTree = "<group>"; };
		CD0ACA8A21A3161F004DE364 /* Models.swift */ = {isa = PBXFileReference; lastKnownFileType = sourcecode.swift; path = Models.swift; sourceTree = "<group>"; };
		CD8C9A1C219C373B00509112 /* SearchMobileApp.app */ = {isa = PBXFileReference; explicitFileType = wrapper.application; includeInIndex = 0; path = SearchMobileApp.app; sourceTree = BUILT_PRODUCTS_DIR; };
		CD8C9A1F219C373B00509112 /* AppDelegate.swift */ = {isa = PBXFileReference; lastKnownFileType = sourcecode.swift; path = AppDelegate.swift; sourceTree = "<group>"; };
		CD8C9A21219C373B00509112 /* TableViewController.swift */ = {isa = PBXFileReference; lastKnownFileType = sourcecode.swift; path = TableViewController.swift; sourceTree = "<group>"; };
		CD8C9A24219C373B00509112 /* Base */ = {isa = PBXFileReference; lastKnownFileType = file.storyboard; name = Base; path = Base.lproj/Main.storyboard; sourceTree = "<group>"; };
		CD8C9A27219C373B00509112 /* SearchMobileApp.xcdatamodel */ = {isa = PBXFileReference; lastKnownFileType = wrapper.xcdatamodel; path = SearchMobileApp.xcdatamodel; sourceTree = "<group>"; };
		CD8C9A29219C373D00509112 /* Assets.xcassets */ = {isa = PBXFileReference; lastKnownFileType = folder.assetcatalog; path = Assets.xcassets; sourceTree = "<group>"; };
		CD8C9A2C219C373D00509112 /* Base */ = {isa = PBXFileReference; lastKnownFileType = file.storyboard; name = Base; path = Base.lproj/LaunchScreen.storyboard; sourceTree = "<group>"; };
		CD8C9A2E219C373D00509112 /* Info.plist */ = {isa = PBXFileReference; lastKnownFileType = text.plist.xml; path = Info.plist; sourceTree = "<group>"; };
		CD8C9A55219DBB3F00509112 /* ArtistView.swift */ = {isa = PBXFileReference; lastKnownFileType = sourcecode.swift; path = ArtistView.swift; sourceTree = "<group>"; };
		EADD240B37F595AC4C3DE146 /* Pods-SearchMobileApp.release.xcconfig */ = {isa = PBXFileReference; includeInIndex = 1; lastKnownFileType = text.xcconfig; name = "Pods-SearchMobileApp.release.xcconfig"; path = "Pods/Target Support Files/Pods-SearchMobileApp/Pods-SearchMobileApp.release.xcconfig"; sourceTree = "<group>"; };
/* End PBXFileReference section */

/* Begin PBXFrameworksBuildPhase section */
		CD8C9A19219C373B00509112 /* Frameworks */ = {
			isa = PBXFrameworksBuildPhase;
			buildActionMask = 2147483647;
			files = (
				5896957969703F69AC60AF55 /* Pods_SearchMobileApp.framework in Frameworks */,
			);
			runOnlyForDeploymentPostprocessing = 0;
		};
/* End PBXFrameworksBuildPhase section */

/* Begin PBXGroup section */
		4038D19D56D647C5C514DA5E /* Pods */ = {
			isa = PBXGroup;
			children = (
				97351ADC6D489C7B893C8D9F /* Pods-SearchMobileApp.debug.xcconfig */,
				EADD240B37F595AC4C3DE146 /* Pods-SearchMobileApp.release.xcconfig */,
			);
			name = Pods;
			sourceTree = "<group>";
		};
		78A2622DC4DE2E69889C8D6B /* Frameworks */ = {
			isa = PBXGroup;
			children = (
				25A184E644EEC680146D5EEC /* Pods_SearchMobileApp.framework */,
			);
			name = Frameworks;
			sourceTree = "<group>";
		};
		CD8C9A13219C373B00509112 = {
			isa = PBXGroup;
			children = (
				CD8C9A1E219C373B00509112 /* SearchMobileApp */,
				CD8C9A1D219C373B00509112 /* Products */,
				4038D19D56D647C5C514DA5E /* Pods */,
				78A2622DC4DE2E69889C8D6B /* Frameworks */,
			);
			sourceTree = "<group>";
		};
		CD8C9A1D219C373B00509112 /* Products */ = {
			isa = PBXGroup;
			children = (
				CD8C9A1C219C373B00509112 /* SearchMobileApp.app */,
			);
			name = Products;
			sourceTree = "<group>";
		};
		CD8C9A1E219C373B00509112 /* SearchMobileApp */ = {
			isa = PBXGroup;
			children = (
				CD8C9A1F219C373B00509112 /* AppDelegate.swift */,
				CD0ACA8A21A3161F004DE364 /* Models.swift */,
				CD8C9A21219C373B00509112 /* TableViewController.swift */,
				CD8C9A55219DBB3F00509112 /* ArtistView.swift */,
				CD8C9A23219C373B00509112 /* Main.storyboard */,
				CD8C9A29219C373D00509112 /* Assets.xcassets */,
				CD8C9A2B219C373D00509112 /* LaunchScreen.storyboard */,
				CD8C9A2E219C373D00509112 /* Info.plist */,
				CD8C9A26219C373B00509112 /* SearchMobileApp.xcdatamodeld */,
			);
			path = SearchMobileApp;
			sourceTree = "<group>";
		};
/* End PBXGroup section */

/* Begin PBXNativeTarget section */
		CD8C9A1B219C373B00509112 /* SearchMobileApp */ = {
			isa = PBXNativeTarget;
			buildConfigurationList = CD8C9A31219C373D00509112 /* Build configuration list for PBXNativeTarget "SearchMobileApp" */;
			buildPhases = (
				0A2EE3F29489BE67F16001FD /* [CP] Check Pods Manifest.lock */,
				CD8C9A18219C373B00509112 /* Sources */,
				CD8C9A19219C373B00509112 /* Frameworks */,
				CD8C9A1A219C373B00509112 /* Resources */,
				A1245BD4D486872DFF11E78A /* [CP] Embed Pods Frameworks */,
			);
			buildRules = (
			);
			dependencies = (
			);
			name = SearchMobileApp;
			productName = SearchMobileApp;
			productReference = CD8C9A1C219C373B00509112 /* SearchMobileApp.app */;
			productType = "com.apple.product-type.application";
		};
/* End PBXNativeTarget section */

/* Begin PBXProject section */
		CD8C9A14219C373B00509112 /* Project object */ = {
			isa = PBXProject;
			attributes = {
				LastSwiftUpdateCheck = 1010;
				LastUpgradeCheck = 1010;
				ORGANIZATIONNAME = "Xia Tran";
				TargetAttributes = {
					CD8C9A1B219C373B00509112 = {
						CreatedOnToolsVersion = 10.1;
					};
				};
			};
			buildConfigurationList = CD8C9A17219C373B00509112 /* Build configuration list for PBXProject "SearchMobileApp" */;
			compatibilityVersion = "Xcode 9.3";
			developmentRegion = en;
			hasScannedForEncodings = 0;
			knownRegions = (
				en,
				Base,
			);
			mainGroup = CD8C9A13219C373B00509112;
			productRefGroup = CD8C9A1D219C373B00509112 /* Products */;
			projectDirPath = "";
			projectRoot = "";
			targets = (
				CD8C9A1B219C373B00509112 /* SearchMobileApp */,
			);
		};
/* End PBXProject section */

/* Begin PBXResourcesBuildPhase section */
		CD8C9A1A219C373B00509112 /* Resources */ = {
			isa = PBXResourcesBuildPhase;
			buildActionMask = 2147483647;
			files = (
				CD8C9A2D219C373D00509112 /* LaunchScreen.storyboard in Resources */,
				CD8C9A2A219C373D00509112 /* Assets.xcassets in Resources */,
				CD8C9A25219C373B00509112 /* Main.storyboard in Resources */,
			);
			runOnlyForDeploymentPostprocessing = 0;
		};
/* End PBXResourcesBuildPhase section */

/* Begin PBXShellScriptBuildPhase section */
		0A2EE3F29489BE67F16001FD /* [CP] Check Pods Manifest.lock */ = {
			isa = PBXShellScriptBuildPhase;
			buildActionMask = 2147483647;
			files = (
			);
			inputPaths = (
				"${PODS_PODFILE_DIR_PATH}/Podfile.lock",
				"${PODS_ROOT}/Manifest.lock",
			);
			name = "[CP] Check Pods Manifest.lock";
			outputPaths = (
				"$(DERIVED_FILE_DIR)/Pods-SearchMobileApp-checkManifestLockResult.txt",
			);
			runOnlyForDeploymentPostprocessing = 0;
			shellPath = /bin/sh;
			shellScript = "diff \"${PODS_PODFILE_DIR_PATH}/Podfile.lock\" \"${PODS_ROOT}/Manifest.lock\" > /dev/null\nif [ $? != 0 ] ; then\n    # print error to STDERR\n    echo \"error: The sandbox is not in sync with the Podfile.lock. Run 'pod install' or update your CocoaPods installation.\" >&2\n    exit 1\nfi\n# This output is used by Xcode 'outputs' to avoid re-running this script phase.\necho \"SUCCESS\" > \"${SCRIPT_OUTPUT_FILE_0}\"\n";
			showEnvVarsInLog = 0;
		};
		A1245BD4D486872DFF11E78A /* [CP] Embed Pods Frameworks */ = {
			isa = PBXShellScriptBuildPhase;
			buildActionMask = 2147483647;
			files = (
			);
			inputPaths = (
				"${SRCROOT}/Pods/Target Support Files/Pods-SearchMobileApp/Pods-SearchMobileApp-frameworks.sh",
				"${BUILT_PRODUCTS_DIR}/Alamofire/Alamofire.framework",
				"${BUILT_PRODUCTS_DIR}/JGProgressHUD/JGProgressHUD.framework",
			);
			name = "[CP] Embed Pods Frameworks";
			outputPaths = (
				"${TARGET_BUILD_DIR}/${FRAMEWORKS_FOLDER_PATH}/Alamofire.framework",
				"${TARGET_BUILD_DIR}/${FRAMEWORKS_FOLDER_PATH}/JGProgressHUD.framework",
			);
			runOnlyForDeploymentPostprocessing = 0;
			shellPath = /bin/sh;
			shellScript = "\"${SRCROOT}/Pods/Target Support Files/Pods-SearchMobileApp/Pods-SearchMobileApp-frameworks.sh\"\n";
			showEnvVarsInLog = 0;
		};
/* End PBXShellScriptBuildPhase section */

/* Begin PBXSourcesBuildPhase section */
		CD8C9A18219C373B00509112 /* Sources */ = {
			isa = PBXSourcesBuildPhase;
			buildActionMask = 2147483647;
			files = (
				CD8C9A22219C373B00509112 /* TableViewController.swift in Sources */,
				CD8C9A56219DBB3F00509112 /* ArtistView.swift in Sources */,
				CD0ACA8B21A3161F004DE364 /* Models.swift in Sources */,
				CD8C9A20219C373B00509112 /* AppDelegate.swift in Sources */,
				CD8C9A28219C373B00509112 /* SearchMobileApp.xcdatamodeld in Sources */,
			);
			runOnlyForDeploymentPostprocessing = 0;
		};
/* End PBXSourcesBuildPhase section */

/* Begin PBXVariantGroup section */
		CD8C9A23219C373B00509112 /* Main.storyboard */ = {
			isa = PBXVariantGroup;
			children = (
				CD8C9A24219C373B00509112 /* Base */,
			);
			name = Main.storyboard;
			sourceTree = "<group>";
		};
		CD8C9A2B219C373D00509112 /* LaunchScreen.storyboard */ = {
			isa = PBXVariantGroup;
			children = (
				CD8C9A2C219C373D00509112 /* Base */,
			);
			name = LaunchScreen.storyboard;
			sourceTree = "<group>";
		};
/* End PBXVariantGroup section */

/* Begin XCBuildConfiguration section */
		CD8C9A2F219C373D00509112 /* Debug */ = {
			isa = XCBuildConfiguration;
			buildSettings = {
				ALWAYS_SEARCH_USER_PATHS = NO;
				CLANG_ANALYZER_NONNULL = YES;
				CLANG_ANALYZER_NUMBER_OBJECT_CONVERSION = YES_AGGRESSIVE;
				CLANG_CXX_LANGUAGE_STANDARD = "gnu++14";
				CLANG_CXX_LIBRARY = "libc++";
				CLANG_ENABLE_MODULES = YES;
				CLANG_ENABLE_OBJC_ARC = YES;
				CLANG_ENABLE_OBJC_WEAK = YES;
				CLANG_WARN_BLOCK_CAPTURE_AUTORELEASING = YES;
				CLANG_WARN_BOOL_CONVERSION = YES;
				CLANG_WARN_COMMA = YES;
				CLANG_WARN_CONSTANT_CONVERSION = YES;
				CLANG_WARN_DEPRECATED_OBJC_IMPLEMENTATIONS = YES;
				CLANG_WARN_DIRECT_OBJC_ISA_USAGE = YES_ERROR;
				CLANG_WARN_DOCUMENTATION_COMMENTS = YES;
				CLANG_WARN_EMPTY_BODY = YES;
				CLANG_WARN_ENUM_CONVERSION = YES;
				CLANG_WARN_INFINITE_RECURSION = YES;
				CLANG_WARN_INT_CONVERSION = YES;
				CLANG_WARN_NON_LITERAL_NULL_CONVERSION = YES;
				CLANG_WARN_OBJC_IMPLICIT_RETAIN_SELF = YES;
				CLANG_WARN_OBJC_LITERAL_CONVERSION = YES;
				CLANG_WARN_OBJC_ROOT_CLASS = YES_ERROR;
				CLANG_WARN_RANGE_LOOP_ANALYSIS = YES;
				CLANG_WARN_STRICT_PROTOTYPES = YES;
				CLANG_WARN_SUSPICIOUS_MOVE = YES;
				CLANG_WARN_UNGUARDED_AVAILABILITY = YES_AGGRESSIVE;
				CLANG_WARN_UNREACHABLE_CODE = YES;
				CLANG_WARN__DUPLICATE_METHOD_MATCH = YES;
				CODE_SIGN_IDENTITY = "iPhone Developer";
				COPY_PHASE_STRIP = NO;
				DEBUG_INFORMATION_FORMAT = dwarf;
				ENABLE_STRICT_OBJC_MSGSEND = YES;
				ENABLE_TESTABILITY = YES;
				GCC_C_LANGUAGE_STANDARD = gnu11;
				GCC_DYNAMIC_NO_PIC = NO;
				GCC_NO_COMMON_BLOCKS = YES;
				GCC_OPTIMIZATION_LEVEL = 0;
				GCC_PREPROCESSOR_DEFINITIONS = (
					"DEBUG=1",
					"$(inherited)",
				);
				GCC_WARN_64_TO_32_BIT_CONVERSION = YES;
				GCC_WARN_ABOUT_RETURN_TYPE = YES_ERROR;
				GCC_WARN_UNDECLARED_SELECTOR = YES;
				GCC_WARN_UNINITIALIZED_AUTOS = YES_AGGRESSIVE;
				GCC_WARN_UNUSED_FUNCTION = YES;
				GCC_WARN_UNUSED_VARIABLE = YES;
				IPHONEOS_DEPLOYMENT_TARGET = 12.1;
				MTL_ENABLE_DEBUG_INFO = INCLUDE_SOURCE;
				MTL_FAST_MATH = YES;
				ONLY_ACTIVE_ARCH = YES;
				SDKROOT = iphoneos;
				SWIFT_ACTIVE_COMPILATION_CONDITIONS = DEBUG;
				SWIFT_OPTIMIZATION_LEVEL = "-Onone";
			};
			name = Debug;
		};
		CD8C9A30219C373D00509112 /* Release */ = {
			isa = XCBuildConfiguration;
			buildSettings = {
				ALWAYS_SEARCH_USER_PATHS = NO;
				CLANG_ANALYZER_NONNULL = YES;
				CLANG_ANALYZER_NUMBER_OBJECT_CONVERSION = YES_AGGRESSIVE;
				CLANG_CXX_LANGUAGE_STANDARD = "gnu++14";
				CLANG_CXX_LIBRARY = "libc++";
				CLANG_ENABLE_MODULES = YES;
				CLANG_ENABLE_OBJC_ARC = YES;
				CLANG_ENABLE_OBJC_WEAK = YES;
				CLANG_WARN_BLOCK_CAPTURE_AUTORELEASING = YES;
				CLANG_WARN_BOOL_CONVERSION = YES;
				CLANG_WARN_COMMA = YES;
				CLANG_WARN_CONSTANT_CONVERSION = YES;
				CLANG_WARN_DEPRECATED_OBJC_IMPLEMENTATIONS = YES;
				CLANG_WARN_DIRECT_OBJC_ISA_USAGE = YES_ERROR;
				CLANG_WARN_DOCUMENTATION_COMMENTS = YES;
				CLANG_WARN_EMPTY_BODY = YES;
				CLANG_WARN_ENUM_CONVERSION = YES;
				CLANG_WARN_INFINITE_RECURSION = YES;
				CLANG_WARN_INT_CONVERSION = YES;
				CLANG_WARN_NON_LITERAL_NULL_CONVERSION = YES;
				CLANG_WARN_OBJC_IMPLICIT_RETAIN_SELF = YES;
				CLANG_WARN_OBJC_LITERAL_CONVERSION = YES;
				CLANG_WARN_OBJC_ROOT_CLASS = YES_ERROR;
				CLANG_WARN_RANGE_LOOP_ANALYSIS = YES;
				CLANG_WARN_STRICT_PROTOTYPES = YES;
				CLANG_WARN_SUSPICIOUS_MOVE = YES;
				CLANG_WARN_UNGUARDED_AVAILABILITY = YES_AGGRESSIVE;
				CLANG_WARN_UNREACHABLE_CODE = YES;
				CLANG_WARN__DUPLICATE_METHOD_MATCH = YES;
				CODE_SIGN_IDENTITY = "iPhone Developer";
				COPY_PHASE_STRIP = NO;
				DEBUG_INFORMATION_FORMAT = "dwarf-with-dsym";
				ENABLE_NS_ASSERTIONS = NO;
				ENABLE_STRICT_OBJC_MSGSEND = YES;
				GCC_C_LANGUAGE_STANDARD = gnu11;
				GCC_NO_COMMON_BLOCKS = YES;
				GCC_WARN_64_TO_32_BIT_CONVERSION = YES;
				GCC_WARN_ABOUT_RETURN_TYPE = YES_ERROR;
				GCC_WARN_UNDECLARED_SELECTOR = YES;
				GCC_WARN_UNINITIALIZED_AUTOS = YES_AGGRESSIVE;
				GCC_WARN_UNUSED_FUNCTION = YES;
				GCC_WARN_UNUSED_VARIABLE = YES;
				IPHONEOS_DEPLOYMENT_TARGET = 12.1;
				MTL_ENABLE_DEBUG_INFO = NO;
				MTL_FAST_MATH = YES;
				SDKROOT = iphoneos;
				SWIFT_COMPILATION_MODE = wholemodule;
				SWIFT_OPTIMIZATION_LEVEL = "-O";
				VALIDATE_PRODUCT = YES;
			};
			name = Release;
		};
		CD8C9A32219C373D00509112 /* Debug */ = {
			isa = XCBuildConfiguration;
			baseConfigurationReference = 97351ADC6D489C7B893C8D9F /* Pods-SearchMobileApp.debug.xcconfig */;
			buildSettings = {
				ASSETCATALOG_COMPILER_APPICON_NAME = AppIcon;
				CODE_SIGN_STYLE = Automatic;
				DEVELOPMENT_TEAM = 89S48T8Y86;
				INFOPLIST_FILE = SearchMobileApp/Info.plist;
				LD_RUNPATH_SEARCH_PATHS = (
					"$(inherited)",
					"@executable_path/Frameworks",
				);
				PRODUCT_BUNDLE_IDENTIFIER = xtran.SearchMobileApp;
				PRODUCT_NAME = "$(TARGET_NAME)";
				SWIFT_VERSION = 4.2;
				TARGETED_DEVICE_FAMILY = "1,2";
			};
			name = Debug;
		};
		CD8C9A33219C373D00509112 /* Release */ = {
			isa = XCBuildConfiguration;
			baseConfigurationReference = EADD240B37F595AC4C3DE146 /* Pods-SearchMobileApp.release.xcconfig */;
			buildSettings = {
				ASSETCATALOG_COMPILER_APPICON_NAME = AppIcon;
				CODE_SIGN_STYLE = Automatic;
				DEVELOPMENT_TEAM = 89S48T8Y86;
				INFOPLIST_FILE = SearchMobileApp/Info.plist;
				LD_RUNPATH_SEARCH_PATHS = (
					"$(inherited)",
					"@executable_path/Frameworks",
				);
				PRODUCT_BUNDLE_IDENTIFIER = xtran.SearchMobileApp;
				PRODUCT_NAME = "$(TARGET_NAME)";
				SWIFT_VERSION = 4.2;
				TARGETED_DEVICE_FAMILY = "1,2";
			};
			name = Release;
		};
/* End XCBuildConfiguration section */

/* Begin XCConfigurationList section */
		CD8C9A17219C373B00509112 /* Build configuration list for PBXProject "SearchMobileApp" */ = {
			isa = XCConfigurationList;
			buildConfigurations = (
				CD8C9A2F219C373D00509112 /* Debug */,
				CD8C9A30219C373D00509112 /* Release */,
			);
			defaultConfigurationIsVisible = 0;
			defaultConfigurationName = Release;
		};
		CD8C9A31219C373D00509112 /* Build configuration list for PBXNativeTarget "SearchMobileApp" */ = {
			isa = XCConfigurationList;
			buildConfigurations = (
				CD8C9A32219C373D00509112 /* Debug */,
				CD8C9A33219C373D00509112 /* Release */,
			);
			defaultConfigurationIsVisible = 0;
			defaultConfigurationName = Release;
		};
/* End XCConfigurationList section */

/* Begin XCVersionGroup section */
		CD8C9A26219C373B00509112 /* SearchMobileApp.xcdatamodeld */ = {
			isa = XCVersionGroup;
			children = (
				CD8C9A27219C373B00509112 /* SearchMobileApp.xcdatamodel */,
			);
			currentVersion = CD8C9A27219C373B00509112 /* SearchMobileApp.xcdatamodel */;
			path = SearchMobileApp.xcdatamodeld;
			sourceTree = "<group>";
			versionGroupType = wrapper.xcdatamodel;
		};
/* End XCVersionGroup section */
	};
	rootObject = CD8C9A14219C373B00509112 /* Project object */;
}
